
Microsoft Visual Studio Solution File, Format Version 12.00
# Visual Studio Version 16
VisualStudioVersion = 16.0.31005.135
MinimumVisualStudioVersion = 10.0.40219.1
Project("{FAE04EC0-301F-11D3-BF4B-00C04F79EFBC}") = "ProgramTervezesiMintak", "ProgramTervezesiMintak\ProgramTervezesiMintak.csproj", "{E63F44E4-9FC8-4363-AC7F-4E6A69C5DACF}"
EndProject
Global
	GlobalSection(SolutionConfigurationPlatforms) = preSolution
		Debug|Any CPU = Debug|Any CPU
		Release|Any CPU = Release|Any CPU
	EndGlobalSection
	GlobalSection(ProjectConfigurationPlatforms) = postSolution
		{E63F44E4-9FC8-4363-AC7F-4E6A69C5DACF}.Debug|Any CPU.ActiveCfg = Debug|Any CPU
		{E63F44E4-9FC8-4363-AC7F-4E6A69C5DACF}.Debug|Any CPU.Build.0 = Debug|Any CPU
		{E63F44E4-9FC8-4363-AC7F-4E6A69C5DACF}.Release|Any CPU.ActiveCfg = Release|Any CPU
		{E63F44E4-9FC8-4363-AC7F-4E6A69C5DACF}.Release|Any CPU.Build.0 = Release|Any CPU
	EndGlobalSection
	GlobalSection(SolutionProperties) = preSolution
		HideSolutionNode = FALSE
	EndGlobalSection
	GlobalSection(ExtensibilityGlobals) = postSolution
		SolutionGuid = {5EA36694-119E-45ED-8730-0C0EDE05A2E3}
	EndGlobalSection
EndGlobal
